<Solution>
  <Folder Name="/src/">
    <Project Path="src/Equiv.Cli/Equiv.Cli.csproj" />
    <Project Path="src/Equiv.Core/Equiv.Core.csproj" />
    <Project Path="src/Equiv.Frontend.CSharp/Equiv.Frontend.CSharp.csproj" />
    <Project Path="src/Equiv.Verify.Z3/Equiv.Verify.Z3.csproj" />
  </Folder>
  <Folder Name="/tests/">
    <Project Path="tests/Equiv.Cli.Tests/Equiv.Cli.Tests.csproj" />
    <Project Path="tests/Equiv.Core.Tests/Equiv.Core.Tests.csproj" />
    <Project Path="tests/Equiv.Frontend.CSharp.Tests/Equiv.Frontend.CSharp.Tests.csproj" />
    <Project Path="tests/Equiv.Tests.Architecture/Equiv.Tests.Architecture.csproj" />
    <Project Path="tests/Equiv.Tests.Integration/Equiv.Tests.Integration.csproj" />
    <Project Path="tests/Equiv.Verify.Z3.Tests/Equiv.Verify.Z3.Tests.csproj" />
  </Folder>
  <Folder Name="/tools/">
    <Project Path="tools/check-coverage/check-coverage.csproj" />
    <Project Path="tools/check-coverage.Tests/check-coverage.Tests.csproj" />
  </Folder>
</Solution>
