{
  "version": 2,
  "dependencies": {
    "net10.0": {
      "Meziantou.Analyzer": {
        "type": "Direct",
        "requested": "[3.0.259, )",
        "resolved": "3.0.259",
        "contentHash": "WhnkpMzWWsUhdEEyPVXRVZx1maVnfymzJuzZn3bkDsgrgFd4WxKfCLzG1ZK7k0dmuJC8T9IAM72UwYaA1wmF/Q=="
      },
      "MinVer": {
        "type": "Direct",
        "requested": "[8.0.0, )",
        "resolved": "8.0.0",
        "contentHash": "AJy/KVjXgUbgjf6HiI8wAk4DSSq0SCmvXQF8aU6IB+pnIQq+YJvofvMczug2hqO8yEvnQY557ryew66KPpyCsA=="
      },
      "System.CommandLine": {
        "type": "Direct",
        "requested": "[2.0.12, )",
        "resolved": "2.0.12",
        "contentHash": "FpW672e6qqrTd1EfKqsvUtFZaJWlTlszUR1o8tdakXhkzKbnEZVndtpfd4K3fUPCFcIs9UmcswMyYGJP1zp/rg=="
      },
      "Microsoft.Diagnostics.Tracing.EventRegister": {
        "type": "Transitive",
        "resolved": "1.1.28",
        "contentHash": "VXTPYySeOmpMFejW2t4uau3t5h92LYKT9zM3kR06qeUNM9vQxG3S5nB6EhuKyf+F7Ze92Y6614MvjkxH14NJkQ=="
      },
      "Microsoft.Diagnostics.Tracing.TraceEvent": {
        "type": "Transitive",
        "resolved": "3.1.3",
        "contentHash": "0i45LzMkHfWKcDZxzyGbE0TiRVRNvr8k+Snrgf1OT/8txwBi6opm3G8rCB7OAM6G4m61Jzd+ZaJ6YAyRGlE9TQ=="
      },
      "Newtonsoft.Json": {
        "type": "Transitive",
        "resolved": "13.0.3",
        "contentHash": "HrC5BXdl00IP9zeV+0Z848QWPAoCr9P3bDEZguI+gkLcBKAOxix/tLEAAHC+UvDNPv4a2d18lOReHMOagPa+zQ=="
      },
      "equiv.core": {
        "type": "Project",
        "dependencies": {
          "Sarif.Sdk": "[5.7.0, )"
        }
      },
      "equiv.frontend.csharp": {
        "type": "Project",
        "dependencies": {
          "Equiv.Core": "[1.0.0, )"
        }
      },
      "equiv.verify.z3": {
        "type": "Project",
        "dependencies": {
          "Equiv.Core": "[1.0.0, )"
        }
      },
      "Sarif.Sdk": {
        "type": "CentralTransitive",
        "requested": "[5.7.0, )",
        "resolved": "5.7.0",
        "contentHash": "UVBzw+EDLcdj0DLyxypTtGiNqaP3+Zm3RAP3rHoo20jaEzKv9JFvBLOq6chjV9IuKEGcDMgFnB1D+4DmSLjU8w==",
        "dependencies": {
          "Microsoft.Diagnostics.Tracing.EventRegister": "1.1.28",
          "Microsoft.Diagnostics.Tracing.TraceEvent": "3.1.3",
          "Newtonsoft.Json": "13.0.3"
        }
      }
    }
  }
}