{
  "version": 2,
  "dependencies": {
    "net10.0": {
      "Meziantou.Analyzer": {
        "type": "Direct",
        "requested": "[3.0.291, )",
        "resolved": "3.0.291",
        "contentHash": "YjDHtWO7GCw6mkWgqEElLHsIh+ZqAmMxihB74J/RaB2kS+ow8mjLgHX6krLIcwp4R6Sc1yQiqHN0X/DP7GVxAw=="
      },
      "MinVer": {
        "type": "Direct",
        "requested": "[8.0.0, )",
        "resolved": "8.0.0",
        "contentHash": "AJy/KVjXgUbgjf6HiI8wAk4DSSq0SCmvXQF8aU6IB+pnIQq+YJvofvMczug2hqO8yEvnQY557ryew66KPpyCsA=="
      }
    }
  }
}